
Microsoft Visual Studio Solution File, Format Version 12.00
# Visual Studio Version 17
VisualStudioVersion = 17.7.33711.374
MinimumVisualStudioVersion = 10.0.40219.1
Project("{9A19103F-16F7-4668-BE54-9A1E7A4F7556}") = "BlazorWasm.FoodDelivery", "BlazorWasm.FoodDelivery\BlazorWasm.FoodDelivery.csproj", "{8BA25492-C79D-41F9-B9FF-07947F8411D1}"
EndProject
Global
	GlobalSection(SolutionConfigurationPlatforms) = preSolution
		Debug|Any CPU = Debug|Any CPU
		Release|Any CPU = Release|Any CPU
	EndGlobalSection
	GlobalSection(ProjectConfigurationPlatforms) = postSolution
		{8BA25492-C79D-41F9-B9FF-07947F8411D1}.Debug|Any CPU.ActiveCfg = Debug|Any CPU
		{8BA25492-C79D-41F9-B9FF-07947F8411D1}.Debug|Any CPU.Build.0 = Debug|Any CPU
		{8BA25492-C79D-41F9-B9FF-07947F8411D1}.Release|Any CPU.ActiveCfg = Release|Any CPU
		{8BA25492-C79D-41F9-B9FF-07947F8411D1}.Release|Any CPU.Build.0 = Release|Any CPU
	EndGlobalSection
	GlobalSection(SolutionProperties) = preSolution
		HideSolutionNode = FALSE
	EndGlobalSection
	GlobalSection(ExtensibilityGlobals) = postSolution
		SolutionGuid = {E00ADB40-0F04-456E-9C88-A6D7E63CDF13}
	EndGlobalSection
EndGlobal
